
Microsoft Visual Studio Solution File, Format Version 12.00
# Visual Studio 15
VisualStudioVersion = 15.0.28307.271
MinimumVisualStudioVersion = 10.0.40219.1
Project("{FAE04EC0-301F-11D3-BF4B-00C04F79EFBC}") = "XF_Login.Android", "XF_Login\XF_Login.Android\XF_Login.Android.csproj", "{0A7556B1-C66D-465F-AFD7-D5417C45FAEC}"
EndProject
Project("{FAE04EC0-301F-11D3-BF4B-00C04F79EFBC}") = "XF_Login.iOS", "XF_Login\XF_Login.iOS\XF_Login.iOS.csproj", "{46D1A4B7-AEDE-4999-979D-3ACC7608C21A}"
EndProject
Project("{FAE04EC0-301F-11D3-BF4B-00C04F79EFBC}") = "XF_Login.UWP", "XF_Login\XF_Login.UWP\XF_Login.UWP.csproj", "{6526CC4F-7E88-4B29-90F3-6EAC24F4AFA5}"
EndProject
Project("{FAE04EC0-301F-11D3-BF4B-00C04F79EFBC}") = "XF_Login", "XF_Login\XF_Login\XF_Login.csproj", "{F6BE59B7-E5EB-48E4-AA1F-BFDE0DF2CA3F}"
EndProject
Global
	GlobalSection(SolutionConfigurationPlatforms) = preSolution
		Ad-Hoc|Any CPU = Ad-Hoc|Any CPU
		Ad-Hoc|ARM = Ad-Hoc|ARM
		Ad-Hoc|iPhone = Ad-Hoc|iPhone
		Ad-Hoc|iPhoneSimulator = Ad-Hoc|iPhoneSimulator
		Ad-Hoc|x64 = Ad-Hoc|x64
		Ad-Hoc|x86 = Ad-Hoc|x86
		AppStore|Any CPU = AppStore|Any CPU
		AppStore|ARM = AppStore|ARM
		AppStore|iPhone = AppStore|iPhone
		AppStore|iPhoneSimulator = AppStore|iPhoneSimulator
		AppStore|x64 = AppStore|x64
		AppStore|x86 = AppStore|x86
		Debug|Any CPU = Debug|Any CPU
		Debug|ARM = Debug|ARM
		Debug|iPhone = Debug|iPhone
		Debug|iPhoneSimulator = Debug|iPhoneSimulator
		Debug|x64 = Debug|x64
		Debug|x86 = Debug|x86
		Release|Any CPU = Release|Any CPU
		Release|ARM = Release|ARM
		Release|iPhone = Release|iPhone
		Release|iPhoneSimulator = Release|iPhoneSimulator
		Release|x64 = Release|x64
		Release|x86 = Release|x86
	EndGlobalSection
	GlobalSection(ProjectConfigurationPlatforms) = postSolution
		{0A7556B1-C66D-465F-AFD7-D5417C45FAEC}.Ad-Hoc|Any CPU.ActiveCfg = Release|Any CPU
		{0A7556B1-C66D-465F-AFD7-D5417C45FAEC}.Ad-Hoc|Any CPU.Build.0 = Release|Any CPU
		{0A7556B1-C66D-465F-AFD7-D5417C45FAEC}.Ad-Hoc|Any CPU.Deploy.0 = Release|Any CPU
		{0A7556B1-C66D-465F-AFD7-D5417C45FAEC}.Ad-Hoc|ARM.ActiveCfg = Release|Any CPU
		{0A7556B1-C66D-465F-AFD7-D5417C45FAEC}.Ad-Hoc|ARM.Build.0 = Release|Any CPU
		{0A7556B1-C66D-465F-AFD7-D5417C45FAEC}.Ad-Hoc|ARM.Deploy.0 = Release|Any CPU
		{0A7556B1-C66D-465F-AFD7-D5417C45FAEC}.Ad-Hoc|iPhone.ActiveCfg = Release|Any CPU
		{0A7556B1-C66D-465F-AFD7-D5417C45FAEC}.Ad-Hoc|iPhone.Build.0 = Release|Any CPU
		{0A7556B1-C66D-465F-AFD7-D5417C45FAEC}.Ad-Hoc|iPhone.Deploy.0 = Release|Any CPU
		{0A7556B1-C66D-465F-AFD7-D5417C45FAEC}.Ad-Hoc|iPhoneSimulator.ActiveCfg = Release|Any CPU
		{0A7556B1-C66D-465F-AFD7-D5417C45FAEC}.Ad-Hoc|iPhoneSimulator.Build.0 = Release|Any CPU
		{0A7556B1-C66D-465F-AFD7-D5417C45FAEC}.Ad-Hoc|iPhoneSimulator.Deploy.0 = Release|Any CPU
		{0A7556B1-C66D-465F-AFD7-D5417C45FAEC}.Ad-Hoc|x64.ActiveCfg = Release|Any CPU
		{0A7556B1-C66D-465F-AFD7-D5417C45FAEC}.Ad-Hoc|x64.Build.0 = Release|Any CPU
		{0A7556B1-C66D-465F-AFD7-D5417C45FAEC}.Ad-Hoc|x64.Deploy.0 = Release|Any CPU
		{0A7556B1-C66D-465F-AFD7-D5417C45FAEC}.Ad-Hoc|x86.ActiveCfg = Release|Any CPU
		{0A7556B1-C66D-465F-AFD7-D5417C45FAEC}.Ad-Hoc|x86.Build.0 = Release|Any CPU
		{0A7556B1-C66D-465F-AFD7-D5417C45FAEC}.Ad-Hoc|x86.Deploy.0 = Release|Any CPU
		{0A7556B1-C66D-465F-AFD7-D5417C45FAEC}.AppStore|Any CPU.ActiveCfg = Release|Any CPU
		{0A7556B1-C66D-465F-AFD7-D5417C45FAEC}.AppStore|Any CPU.Build.0 = Release|Any CPU
		{0A7556B1-C66D-465F-AFD7-D5417C45FAEC}.AppStore|Any CPU.Deploy.0 = Release|Any CPU
		{0A7556B1-C66D-465F-AFD7-D5417C45FAEC}.AppStore|ARM.ActiveCfg = Release|Any CPU
		{0A7556B1-C66D-465F-AFD7-D5417C45FAEC}.AppStore|ARM.Build.0 = Release|Any CPU
		{0A7556B1-C66D-465F-AFD7-D5417C45FAEC}.AppStore|ARM.Deploy.0 = Release|Any CPU
		{0A7556B1-C66D-465F-AFD7-D5417C45FAEC}.AppStore|iPhone.ActiveCfg = Release|Any CPU
		{0A7556B1-C66D-465F-AFD7-D5417C45FAEC}.AppStore|iPhone.Build.0 = Release|Any CPU
		{0A7556B1-C66D-465F-AFD7-D5417C45FAEC}.AppStore|iPhone.Deploy.0 = Release|Any CPU
		{0A7556B1-C66D-465F-AFD7-D5417C45FAEC}.AppStore|iPhoneSimulator.ActiveCfg = Release|Any CPU
		{0A7556B1-C66D-465F-AFD7-D5417C45FAEC}.AppStore|iPhoneSimulator.Build.0 = Release|Any CPU
		{0A7556B1-C66D-465F-AFD7-D5417C45FAEC}.AppStore|iPhoneSimulator.Deploy.0 = Release|Any CPU
		{0A7556B1-C66D-465F-AFD7-D5417C45FAEC}.AppStore|x64.ActiveCfg = Release|Any CPU
		{0A7556B1-C66D-465F-AFD7-D5417C45FAEC}.AppStore|x64.Build.0 = Release|Any CPU
		{0A7556B1-C66D-465F-AFD7-D5417C45FAEC}.AppStore|x64.Deploy.0 = Release|Any CPU
		{0A7556B1-C66D-465F-AFD7-D5417C45FAEC}.AppStore|x86.ActiveCfg = Release|Any CPU
		{0A7556B1-C66D-465F-AFD7-D5417C45FAEC}.AppStore|x86.Build.0 = Release|Any CPU
		{0A7556B1-C66D-465F-AFD7-D5417C45FAEC}.AppStore|x86.Deploy.0 = Release|Any CPU
		{0A7556B1-C66D-465F-AFD7-D5417C45FAEC}.Debug|Any CPU.ActiveCfg = Debug|Any CPU
		{0A7556B1-C66D-465F-AFD7-D5417C45FAEC}.Debug|Any CPU.Build.0 = Debug|Any CPU
		{0A7556B1-C66D-465F-AFD7-D5417C45FAEC}.Debug|Any CPU.Deploy.0 = Debug|Any CPU
		{0A7556B1-C66D-465F-AFD7-D5417C45FAEC}.Debug|ARM.ActiveCfg = Debug|Any CPU
		{0A7556B1-C66D-465F-AFD7-D5417C45FAEC}.Debug|ARM.Build.0 = Debug|Any CPU
		{0A7556B1-C66D-465F-AFD7-D5417C45FAEC}.Debug|ARM.Deploy.0 = Debug|Any CPU
		{0A7556B1-C66D-465F-AFD7-D5417C45FAEC}.Debug|iPhone.ActiveCfg = Debug|Any CPU
		{0A7556B1-C66D-465F-AFD7-D5417C45FAEC}.Debug|iPhone.Build.0 = Debug|Any CPU
		{0A7556B1-C66D-465F-AFD7-D5417C45FAEC}.Debug|iPhone.Deploy.0 = Debug|Any CPU
		{0A7556B1-C66D-465F-AFD7-D5417C45FAEC}.Debug|iPhoneSimulator.ActiveCfg = Debug|Any CPU
		{0A7556B1-C66D-465F-AFD7-D5417C45FAEC}.Debug|iPhoneSimulator.Build.0 = Debug|Any CPU
		{0A7556B1-C66D-465F-AFD7-D5417C45FAEC}.Debug|iPhoneSimulator.Deploy.0 = Debug|Any CPU
		{0A7556B1-C66D-465F-AFD7-D5417C45FAEC}.Debug|x64.ActiveCfg = Debug|Any CPU
		{0A7556B1-C66D-465F-AFD7-D5417C45FAEC}.Debug|x64.Build.0 = Debug|Any CPU
		{0A7556B1-C66D-465F-AFD7-D5417C45FAEC}.Debug|x64.Deploy.0 = Debug|Any CPU
		{0A7556B1-C66D-465F-AFD7-D5417C45FAEC}.Debug|x86.ActiveCfg = Debug|Any CPU
		{0A7556B1-C66D-465F-AFD7-D5417C45FAEC}.Debug|x86.Build.0 = Debug|Any CPU
		{0A7556B1-C66D-465F-AFD7-D5417C45FAEC}.Debug|x86.Deploy.0 = Debug|Any CPU
		{0A7556B1-C66D-465F-AFD7-D5417C45FAEC}.Release|Any CPU.ActiveCfg = Release|Any CPU
		{0A7556B1-C66D-465F-AFD7-D5417C45FAEC}.Release|Any CPU.Build.0 = Release|Any CPU
		{0A7556B1-C66D-465F-AFD7-D5417C45FAEC}.Release|Any CPU.Deploy.0 = Release|Any CPU
		{0A7556B1-C66D-465F-AFD7-D5417C45FAEC}.Release|ARM.ActiveCfg = Release|Any CPU
		{0A7556B1-C66D-465F-AFD7-D5417C45FAEC}.Release|ARM.Build.0 = Release|Any CPU
		{0A7556B1-C66D-465F-AFD7-D5417C45FAEC}.Release|ARM.Deploy.0 = Release|Any CPU
		{0A7556B1-C66D-465F-AFD7-D5417C45FAEC}.Release|iPhone.ActiveCfg = Release|Any CPU
		{0A7556B1-C66D-465F-AFD7-D5417C45FAEC}.Release|iPhone.Build.0 = Release|Any CPU
		{0A7556B1-C66D-465F-AFD7-D5417C45FAEC}.Release|iPhone.Deploy.0 = Release|Any CPU
		{0A7556B1-C66D-465F-AFD7-D5417C45FAEC}.Release|iPhoneSimulator.ActiveCfg = Release|Any CPU
		{0A7556B1-C66D-465F-AFD7-D5417C45FAEC}.Release|iPhoneSimulator.Build.0 = Release|Any CPU
		{0A7556B1-C66D-465F-AFD7-D5417C45FAEC}.Release|iPhoneSimulator.Deploy.0 = Release|Any CPU
		{0A7556B1-C66D-465F-AFD7-D5417C45FAEC}.Release|x64.ActiveCfg = Release|Any CPU
		{0A7556B1-C66D-465F-AFD7-D5417C45FAEC}.Release|x64.Build.0 = Release|Any CPU
		{0A7556B1-C66D-465F-AFD7-D5417C45FAEC}.Release|x64.Deploy.0 = Release|Any CPU
		{0A7556B1-C66D-465F-AFD7-D5417C45FAEC}.Release|x86.ActiveCfg = Release|Any CPU
		{0A7556B1-C66D-465F-AFD7-D5417C45FAEC}.Release|x86.Build.0 = Release|Any CPU
		{0A7556B1-C66D-465F-AFD7-D5417C45FAEC}.Release|x86.Deploy.0 = Release|Any CPU
		{46D1A4B7-AEDE-4999-979D-3ACC7608C21A}.Ad-Hoc|Any CPU.ActiveCfg = Ad-Hoc|iPhone
		{46D1A4B7-AEDE-4999-979D-3ACC7608C21A}.Ad-Hoc|Any CPU.Build.0 = Ad-Hoc|iPhone
		{46D1A4B7-AEDE-4999-979D-3ACC7608C21A}.Ad-Hoc|Any CPU.Deploy.0 = Ad-Hoc|iPhone
		{46D1A4B7-AEDE-4999-979D-3ACC7608C21A}.Ad-Hoc|ARM.ActiveCfg = Ad-Hoc|iPhone
		{46D1A4B7-AEDE-4999-979D-3ACC7608C21A}.Ad-Hoc|ARM.Build.0 = Ad-Hoc|iPhone
		{46D1A4B7-AEDE-4999-979D-3ACC7608C21A}.Ad-Hoc|ARM.Deploy.0 = Ad-Hoc|iPhone
		{46D1A4B7-AEDE-4999-979D-3ACC7608C21A}.Ad-Hoc|iPhone.ActiveCfg = Ad-Hoc|iPhone
		{46D1A4B7-AEDE-4999-979D-3ACC7608C21A}.Ad-Hoc|iPhone.Build.0 = Ad-Hoc|iPhone
		{46D1A4B7-AEDE-4999-979D-3ACC7608C21A}.Ad-Hoc|iPhone.Deploy.0 = Ad-Hoc|iPhone
		{46D1A4B7-AEDE-4999-979D-3ACC7608C21A}.Ad-Hoc|iPhoneSimulator.ActiveCfg = Ad-Hoc|iPhoneSimulator
		{46D1A4B7-AEDE-4999-979D-3ACC7608C21A}.Ad-Hoc|iPhoneSimulator.Build.0 = Ad-Hoc|iPhoneSimulator
		{46D1A4B7-AEDE-4999-979D-3ACC7608C21A}.Ad-Hoc|iPhoneSimulator.Deploy.0 = Ad-Hoc|iPhoneSimulator
		{46D1A4B7-AEDE-4999-979D-3ACC7608C21A}.Ad-Hoc|x64.ActiveCfg = Ad-Hoc|iPhone
		{46D1A4B7-AEDE-4999-979D-3ACC7608C21A}.Ad-Hoc|x64.Build.0 = Ad-Hoc|iPhone
		{46D1A4B7-AEDE-4999-979D-3ACC7608C21A}.Ad-Hoc|x64.Deploy.0 = Ad-Hoc|iPhone
		{46D1A4B7-AEDE-4999-979D-3ACC7608C21A}.Ad-Hoc|x86.ActiveCfg = Ad-Hoc|iPhone
		{46D1A4B7-AEDE-4999-979D-3ACC7608C21A}.Ad-Hoc|x86.Build.0 = Ad-Hoc|iPhone
		{46D1A4B7-AEDE-4999-979D-3ACC7608C21A}.Ad-Hoc|x86.Deploy.0 = Ad-Hoc|iPhone
		{46D1A4B7-AEDE-4999-979D-3ACC7608C21A}.AppStore|Any CPU.ActiveCfg = AppStore|iPhone
		{46D1A4B7-AEDE-4999-979D-3ACC7608C21A}.AppStore|Any CPU.Build.0 = AppStore|iPhone
		{46D1A4B7-AEDE-4999-979D-3ACC7608C21A}.AppStore|Any CPU.Deploy.0 = AppStore|iPhone
		{46D1A4B7-AEDE-4999-979D-3ACC7608C21A}.AppStore|ARM.ActiveCfg = AppStore|iPhone
		{46D1A4B7-AEDE-4999-979D-3ACC7608C21A}.AppStore|ARM.Build.0 = AppStore|iPhone
		{46D1A4B7-AEDE-4999-979D-3ACC7608C21A}.AppStore|ARM.Deploy.0 = AppStore|iPhone
		{46D1A4B7-AEDE-4999-979D-3ACC7608C21A}.AppStore|iPhone.ActiveCfg = AppStore|iPhone
		{46D1A4B7-AEDE-4999-979D-3ACC7608C21A}.AppStore|iPhone.Build.0 = AppStore|iPhone
		{46D1A4B7-AEDE-4999-979D-3ACC7608C21A}.AppStore|iPhone.Deploy.0 = AppStore|iPhone
		{46D1A4B7-AEDE-4999-979D-3ACC7608C21A}.AppStore|iPhoneSimulator.ActiveCfg = AppStore|iPhoneSimulator
		{46D1A4B7-AEDE-4999-979D-3ACC7608C21A}.AppStore|iPhoneSimulator.Build.0 = AppStore|iPhoneSimulator
		{46D1A4B7-AEDE-4999-979D-3ACC7608C21A}.AppStore|iPhoneSimulator.Deploy.0 = AppStore|iPhoneSimulator
		{46D1A4B7-AEDE-4999-979D-3ACC7608C21A}.AppStore|x64.ActiveCfg = AppStore|iPhone
		{46D1A4B7-AEDE-4999-979D-3ACC7608C21A}.AppStore|x64.Build.0 = AppStore|iPhone
		{46D1A4B7-AEDE-4999-979D-3ACC7608C21A}.AppStore|x64.Deploy.0 = AppStore|iPhone
		{46D1A4B7-AEDE-4999-979D-3ACC7608C21A}.AppStore|x86.ActiveCfg = AppStore|iPhone
		{46D1A4B7-AEDE-4999-979D-3ACC7608C21A}.AppStore|x86.Build.0 = AppStore|iPhone
		{46D1A4B7-AEDE-4999-979D-3ACC7608C21A}.AppStore|x86.Deploy.0 = AppStore|iPhone
		{46D1A4B7-AEDE-4999-979D-3ACC7608C21A}.Debug|Any CPU.ActiveCfg = Debug|iPhone
		{46D1A4B7-AEDE-4999-979D-3ACC7608C21A}.Debug|Any CPU.Build.0 = Debug|iPhone
		{46D1A4B7-AEDE-4999-979D-3ACC7608C21A}.Debug|Any CPU.Deploy.0 = Debug|iPhone
		{46D1A4B7-AEDE-4999-979D-3ACC7608C21A}.Debug|ARM.ActiveCfg = Debug|iPhone
		{46D1A4B7-AEDE-4999-979D-3ACC7608C21A}.Debug|ARM.Build.0 = Debug|iPhone
		{46D1A4B7-AEDE-4999-979D-3ACC7608C21A}.Debug|ARM.Deploy.0 = Debug|iPhone
		{46D1A4B7-AEDE-4999-979D-3ACC7608C21A}.Debug|iPhone.ActiveCfg = Debug|iPhone
		{46D1A4B7-AEDE-4999-979D-3ACC7608C21A}.Debug|iPhone.Build.0 = Debug|iPhone
		{46D1A4B7-AEDE-4999-979D-3ACC7608C21A}.Debug|iPhone.Deploy.0 = Debug|iPhone
		{46D1A4B7-AEDE-4999-979D-3ACC7608C21A}.Debug|iPhoneSimulator.ActiveCfg = Debug|iPhoneSimulator
		{46D1A4B7-AEDE-4999-979D-3ACC7608C21A}.Debug|iPhoneSimulator.Build.0 = Debug|iPhoneSimulator
		{46D1A4B7-AEDE-4999-979D-3ACC7608C21A}.Debug|iPhoneSimulator.Deploy.0 = Debug|iPhoneSimulator
		{46D1A4B7-AEDE-4999-979D-3ACC7608C21A}.Debug|x64.ActiveCfg = Debug|iPhone
		{46D1A4B7-AEDE-4999-979D-3ACC7608C21A}.Debug|x64.Build.0 = Debug|iPhone
		{46D1A4B7-AEDE-4999-979D-3ACC7608C21A}.Debug|x64.Deploy.0 = Debug|iPhone
		{46D1A4B7-AEDE-4999-979D-3ACC7608C21A}.Debug|x86.ActiveCfg = Debug|iPhoneSimulator
		{46D1A4B7-AEDE-4999-979D-3ACC7608C21A}.Debug|x86.Build.0 = Debug|iPhoneSimulator
		{46D1A4B7-AEDE-4999-979D-3ACC7608C21A}.Debug|x86.Deploy.0 = Debug|iPhoneSimulator
		{46D1A4B7-AEDE-4999-979D-3ACC7608C21A}.Release|Any CPU.ActiveCfg = Release|iPhone
		{46D1A4B7-AEDE-4999-979D-3ACC7608C21A}.Release|Any CPU.Build.0 = Release|iPhone
		{46D1A4B7-AEDE-4999-979D-3ACC7608C21A}.Release|Any CPU.Deploy.0 = Release|iPhone
		{46D1A4B7-AEDE-4999-979D-3ACC7608C21A}.Release|ARM.ActiveCfg = Release|iPhone
		{46D1A4B7-AEDE-4999-979D-3ACC7608C21A}.Release|ARM.Build.0 = Release|iPhone
		{46D1A4B7-AEDE-4999-979D-3ACC7608C21A}.Release|ARM.Deploy.0 = Release|iPhone
		{46D1A4B7-AEDE-4999-979D-3ACC7608C21A}.Release|iPhone.ActiveCfg = Release|iPhone
		{46D1A4B7-AEDE-4999-979D-3ACC7608C21A}.Release|iPhone.Build.0 = Release|iPhone
		{46D1A4B7-AEDE-4999-979D-3ACC7608C21A}.Release|iPhone.Deploy.0 = Release|iPhone
		{46D1A4B7-AEDE-4999-979D-3ACC7608C21A}.Release|iPhoneSimulator.ActiveCfg = Release|iPhoneSimulator
		{46D1A4B7-AEDE-4999-979D-3ACC7608C21A}.Release|iPhoneSimulator.Build.0 = Release|iPhoneSimulator
		{46D1A4B7-AEDE-4999-979D-3ACC7608C21A}.Release|iPhoneSimulator.Deploy.0 = Release|iPhoneSimulator
		{46D1A4B7-AEDE-4999-979D-3ACC7608C21A}.Release|x64.ActiveCfg = Release|iPhone
		{46D1A4B7-AEDE-4999-979D-3ACC7608C21A}.Release|x64.Build.0 = Release|iPhone
		{46D1A4B7-AEDE-4999-979D-3ACC7608C21A}.Release|x64.Deploy.0 = Release|iPhone
		{46D1A4B7-AEDE-4999-979D-3ACC7608C21A}.Release|x86.ActiveCfg = Release|iPhone
		{46D1A4B7-AEDE-4999-979D-3ACC7608C21A}.Release|x86.Build.0 = Release|iPhone
		{46D1A4B7-AEDE-4999-979D-3ACC7608C21A}.Release|x86.Deploy.0 = Release|iPhone
		{6526CC4F-7E88-4B29-90F3-6EAC24F4AFA5}.Ad-Hoc|Any CPU.ActiveCfg = Release|x86
		{6526CC4F-7E88-4B29-90F3-6EAC24F4AFA5}.Ad-Hoc|Any CPU.Build.0 = Release|x86
		{6526CC4F-7E88-4B29-90F3-6EAC24F4AFA5}.Ad-Hoc|Any CPU.Deploy.0 = Release|x86
		{6526CC4F-7E88-4B29-90F3-6EAC24F4AFA5}.Ad-Hoc|ARM.ActiveCfg = Release|ARM
		{6526CC4F-7E88-4B29-90F3-6EAC24F4AFA5}.Ad-Hoc|ARM.Build.0 = Release|ARM
		{6526CC4F-7E88-4B29-90F3-6EAC24F4AFA5}.Ad-Hoc|ARM.Deploy.0 = Release|ARM
		{6526CC4F-7E88-4B29-90F3-6EAC24F4AFA5}.Ad-Hoc|iPhone.ActiveCfg = Release|x86
		{6526CC4F-7E88-4B29-90F3-6EAC24F4AFA5}.Ad-Hoc|iPhone.Build.0 = Release|x86
		{6526CC4F-7E88-4B29-90F3-6EAC24F4AFA5}.Ad-Hoc|iPhone.Deploy.0 = Release|x86
		{6526CC4F-7E88-4B29-90F3-6EAC24F4AFA5}.Ad-Hoc|iPhoneSimulator.ActiveCfg = Release|x86
		{6526CC4F-7E88-4B29-90F3-6EAC24F4AFA5}.Ad-Hoc|iPhoneSimulator.Build.0 = Release|x86
		{6526CC4F-7E88-4B29-90F3-6EAC24F4AFA5}.Ad-Hoc|iPhoneSimulator.Deploy.0 = Release|x86
		{6526CC4F-7E88-4B29-90F3-6EAC24F4AFA5}.Ad-Hoc|x64.ActiveCfg = Release|x64
		{6526CC4F-7E88-4B29-90F3-6EAC24F4AFA5}.Ad-Hoc|x64.Build.0 = Release|x64
		{6526CC4F-7E88-4B29-90F3-6EAC24F4AFA5}.Ad-Hoc|x64.Deploy.0 = Release|x64
		{6526CC4F-7E88-4B29-90F3-6EAC24F4AFA5}.Ad-Hoc|x86.ActiveCfg = Release|x86
		{6526CC4F-7E88-4B29-90F3-6EAC24F4AFA5}.Ad-Hoc|x86.Build.0 = Release|x86
		{6526CC4F-7E88-4B29-90F3-6EAC24F4AFA5}.Ad-Hoc|x86.Deploy.0 = Release|x86
		{6526CC4F-7E88-4B29-90F3-6EAC24F4AFA5}.AppStore|Any CPU.ActiveCfg = Release|x86
		{6526CC4F-7E88-4B29-90F3-6EAC24F4AFA5}.AppStore|Any CPU.Build.0 = Release|x86
		{6526CC4F-7E88-4B29-90F3-6EAC24F4AFA5}.AppStore|Any CPU.Deploy.0 = Release|x86
		{6526CC4F-7E88-4B29-90F3-6EAC24F4AFA5}.AppStore|ARM.ActiveCfg = Release|ARM
		{6526CC4F-7E88-4B29-90F3-6EAC24F4AFA5}.AppStore|ARM.Build.0 = Release|ARM
		{6526CC4F-7E88-4B29-90F3-6EAC24F4AFA5}.AppStore|ARM.Deploy.0 = Release|ARM
		{6526CC4F-7E88-4B29-90F3-6EAC24F4AFA5}.AppStore|iPhone.ActiveCfg = Release|x86
		{6526CC4F-7E88-4B29-90F3-6EAC24F4AFA5}.AppStore|iPhone.Build.0 = Release|x86
		{6526CC4F-7E88-4B29-90F3-6EAC24F4AFA5}.AppStore|iPhone.Deploy.0 = Release|x86
		{6526CC4F-7E88-4B29-90F3-6EAC24F4AFA5}.AppStore|iPhoneSimulator.ActiveCfg = Release|x86
		{6526CC4F-7E88-4B29-90F3-6EAC24F4AFA5}.AppStore|iPhoneSimulator.Build.0 = Release|x86
		{6526CC4F-7E88-4B29-90F3-6EAC24F4AFA5}.AppStore|iPhoneSimulator.Deploy.0 = Release|x86
		{6526CC4F-7E88-4B29-90F3-6EAC24F4AFA5}.AppStore|x64.ActiveCfg = Release|x64
		{6526CC4F-7E88-4B29-90F3-6EAC24F4AFA5}.AppStore|x64.Build.0 = Release|x64
		{6526CC4F-7E88-4B29-90F3-6EAC24F4AFA5}.AppStore|x64.Deploy.0 = Release|x64
		{6526CC4F-7E88-4B29-90F3-6EAC24F4AFA5}.AppStore|x86.ActiveCfg = Release|x86
		{6526CC4F-7E88-4B29-90F3-6EAC24F4AFA5}.AppStore|x86.Build.0 = Release|x86
		{6526CC4F-7E88-4B29-90F3-6EAC24F4AFA5}.AppStore|x86.Deploy.0 = Release|x86
		{6526CC4F-7E88-4B29-90F3-6EAC24F4AFA5}.Debug|Any CPU.ActiveCfg = Debug|x86
		{6526CC4F-7E88-4B29-90F3-6EAC24F4AFA5}.Debug|Any CPU.Build.0 = Debug|x86
		{6526CC4F-7E88-4B29-90F3-6EAC24F4AFA5}.Debug|Any CPU.Deploy.0 = Debug|x86
		{6526CC4F-7E88-4B29-90F3-6EAC24F4AFA5}.Debug|ARM.ActiveCfg = Debug|ARM
		{6526CC4F-7E88-4B29-90F3-6EAC24F4AFA5}.Debug|ARM.Build.0 = Debug|ARM
		{6526CC4F-7E88-4B29-90F3-6EAC24F4AFA5}.Debug|ARM.Deploy.0 = Debug|ARM
		{6526CC4F-7E88-4B29-90F3-6EAC24F4AFA5}.Debug|iPhone.ActiveCfg = Debug|x86
		{6526CC4F-7E88-4B29-90F3-6EAC24F4AFA5}.Debug|iPhone.Build.0 = Debug|x86
		{6526CC4F-7E88-4B29-90F3-6EAC24F4AFA5}.Debug|iPhone.Deploy.0 = Debug|x86
		{6526CC4F-7E88-4B29-90F3-6EAC24F4AFA5}.Debug|iPhoneSimulator.ActiveCfg = Debug|x86
		{6526CC4F-7E88-4B29-90F3-6EAC24F4AFA5}.Debug|iPhoneSimulator.Build.0 = Debug|x86
		{6526CC4F-7E88-4B29-90F3-6EAC24F4AFA5}.Debug|iPhoneSimulator.Deploy.0 = Debug|x86
		{6526CC4F-7E88-4B29-90F3-6EAC24F4AFA5}.Debug|x64.ActiveCfg = Debug|x64
		{6526CC4F-7E88-4B29-90F3-6EAC24F4AFA5}.Debug|x64.Build.0 = Debug|x64
		{6526CC4F-7E88-4B29-90F3-6EAC24F4AFA5}.Debug|x64.Deploy.0 = Debug|x64
		{6526CC4F-7E88-4B29-90F3-6EAC24F4AFA5}.Debug|x86.ActiveCfg = Debug|x86
		{6526CC4F-7E88-4B29-90F3-6EAC24F4AFA5}.Debug|x86.Build.0 = Debug|x86
		{6526CC4F-7E88-4B29-90F3-6EAC24F4AFA5}.Debug|x86.Deploy.0 = Debug|x86
		{6526CC4F-7E88-4B29-90F3-6EAC24F4AFA5}.Release|Any CPU.ActiveCfg = Release|x86
		{6526CC4F-7E88-4B29-90F3-6EAC24F4AFA5}.Release|Any CPU.Build.0 = Release|x86
		{6526CC4F-7E88-4B29-90F3-6EAC24F4AFA5}.Release|Any CPU.Deploy.0 = Release|x86
		{6526CC4F-7E88-4B29-90F3-6EAC24F4AFA5}.Release|ARM.ActiveCfg = Release|ARM
		{6526CC4F-7E88-4B29-90F3-6EAC24F4AFA5}.Release|ARM.Build.0 = Release|ARM
		{6526CC4F-7E88-4B29-90F3-6EAC24F4AFA5}.Release|ARM.Deploy.0 = Release|ARM
		{6526CC4F-7E88-4B29-90F3-6EAC24F4AFA5}.Release|iPhone.ActiveCfg = Release|x86
		{6526CC4F-7E88-4B29-90F3-6EAC24F4AFA5}.Release|iPhone.Build.0 = Release|x86
		{6526CC4F-7E88-4B29-90F3-6EAC24F4AFA5}.Release|iPhone.Deploy.0 = Release|x86
		{6526CC4F-7E88-4B29-90F3-6EAC24F4AFA5}.Release|iPhoneSimulator.ActiveCfg = Release|x86
		{6526CC4F-7E88-4B29-90F3-6EAC24F4AFA5}.Release|iPhoneSimulator.Build.0 = Release|x86
		{6526CC4F-7E88-4B29-90F3-6EAC24F4AFA5}.Release|iPhoneSimulator.Deploy.0 = Release|x86
		{6526CC4F-7E88-4B29-90F3-6EAC24F4AFA5}.Release|x64.ActiveCfg = Release|x64
		{6526CC4F-7E88-4B29-90F3-6EAC24F4AFA5}.Release|x64.Build.0 = Release|x64
		{6526CC4F-7E88-4B29-90F3-6EAC24F4AFA5}.Release|x64.Deploy.0 = Release|x64
		{6526CC4F-7E88-4B29-90F3-6EAC24F4AFA5}.Release|x86.ActiveCfg = Release|x86
		{6526CC4F-7E88-4B29-90F3-6EAC24F4AFA5}.Release|x86.Build.0 = Release|x86
		{6526CC4F-7E88-4B29-90F3-6EAC24F4AFA5}.Release|x86.Deploy.0 = Release|x86
		{F6BE59B7-E5EB-48E4-AA1F-BFDE0DF2CA3F}.Ad-Hoc|Any CPU.ActiveCfg = Debug|Any CPU
		{F6BE59B7-E5EB-48E4-AA1F-BFDE0DF2CA3F}.Ad-Hoc|Any CPU.Build.0 = Debug|Any CPU
		{F6BE59B7-E5EB-48E4-AA1F-BFDE0DF2CA3F}.Ad-Hoc|Any CPU.Deploy.0 = Debug|Any CPU
		{F6BE59B7-E5EB-48E4-AA1F-BFDE0DF2CA3F}.Ad-Hoc|ARM.ActiveCfg = Debug|Any CPU
		{F6BE59B7-E5EB-48E4-AA1F-BFDE0DF2CA3F}.Ad-Hoc|ARM.Build.0 = Debug|Any CPU
		{F6BE59B7-E5EB-48E4-AA1F-BFDE0DF2CA3F}.Ad-Hoc|ARM.Deploy.0 = Debug|Any CPU
		{F6BE59B7-E5EB-48E4-AA1F-BFDE0DF2CA3F}.Ad-Hoc|iPhone.ActiveCfg = Debug|Any CPU
		{F6BE59B7-E5EB-48E4-AA1F-BFDE0DF2CA3F}.Ad-Hoc|iPhone.Build.0 = Debug|Any CPU
		{F6BE59B7-E5EB-48E4-AA1F-BFDE0DF2CA3F}.Ad-Hoc|iPhone.Deploy.0 = Debug|Any CPU
		{F6BE59B7-E5EB-48E4-AA1F-BFDE0DF2CA3F}.Ad-Hoc|iPhoneSimulator.ActiveCfg = Debug|Any CPU
		{F6BE59B7-E5EB-48E4-AA1F-BFDE0DF2CA3F}.Ad-Hoc|iPhoneSimulator.Build.0 = Debug|Any CPU
		{F6BE59B7-E5EB-48E4-AA1F-BFDE0DF2CA3F}.Ad-Hoc|iPhoneSimulator.Deploy.0 = Debug|Any CPU
		{F6BE59B7-E5EB-48E4-AA1F-BFDE0DF2CA3F}.Ad-Hoc|x64.ActiveCfg = Debug|Any CPU
		{F6BE59B7-E5EB-48E4-AA1F-BFDE0DF2CA3F}.Ad-Hoc|x64.Build.0 = Debug|Any CPU
		{F6BE59B7-E5EB-48E4-AA1F-BFDE0DF2CA3F}.Ad-Hoc|x64.Deploy.0 = Debug|Any CPU
		{F6BE59B7-E5EB-48E4-AA1F-BFDE0DF2CA3F}.Ad-Hoc|x86.ActiveCfg = Debug|Any CPU
		{F6BE59B7-E5EB-48E4-AA1F-BFDE0DF2CA3F}.Ad-Hoc|x86.Build.0 = Debug|Any CPU
		{F6BE59B7-E5EB-48E4-AA1F-BFDE0DF2CA3F}.Ad-Hoc|x86.Deploy.0 = Debug|Any CPU
		{F6BE59B7-E5EB-48E4-AA1F-BFDE0DF2CA3F}.AppStore|Any CPU.ActiveCfg = Debug|Any CPU
		{F6BE59B7-E5EB-48E4-AA1F-BFDE0DF2CA3F}.AppStore|Any CPU.Build.0 = Debug|Any CPU
		{F6BE59B7-E5EB-48E4-AA1F-BFDE0DF2CA3F}.AppStore|Any CPU.Deploy.0 = Debug|Any CPU
		{F6BE59B7-E5EB-48E4-AA1F-BFDE0DF2CA3F}.AppStore|ARM.ActiveCfg = Debug|Any CPU
		{F6BE59B7-E5EB-48E4-AA1F-BFDE0DF2CA3F}.AppStore|ARM.Build.0 = Debug|Any CPU
		{F6BE59B7-E5EB-48E4-AA1F-BFDE0DF2CA3F}.AppStore|ARM.Deploy.0 = Debug|Any CPU
		{F6BE59B7-E5EB-48E4-AA1F-BFDE0DF2CA3F}.AppStore|iPhone.ActiveCfg = Debug|Any CPU
		{F6BE59B7-E5EB-48E4-AA1F-BFDE0DF2CA3F}.AppStore|iPhone.Build.0 = Debug|Any CPU
		{F6BE59B7-E5EB-48E4-AA1F-BFDE0DF2CA3F}.AppStore|iPhone.Deploy.0 = Debug|Any CPU
		{F6BE59B7-E5EB-48E4-AA1F-BFDE0DF2CA3F}.AppStore|iPhoneSimulator.ActiveCfg = Debug|Any CPU
		{F6BE59B7-E5EB-48E4-AA1F-BFDE0DF2CA3F}.AppStore|iPhoneSimulator.Build.0 = Debug|Any CPU
		{F6BE59B7-E5EB-48E4-AA1F-BFDE0DF2CA3F}.AppStore|iPhoneSimulator.Deploy.0 = Debug|Any CPU
		{F6BE59B7-E5EB-48E4-AA1F-BFDE0DF2CA3F}.AppStore|x64.ActiveCfg = Debug|Any CPU
		{F6BE59B7-E5EB-48E4-AA1F-BFDE0DF2CA3F}.AppStore|x64.Build.0 = Debug|Any CPU
		{F6BE59B7-E5EB-48E4-AA1F-BFDE0DF2CA3F}.AppStore|x64.Deploy.0 = Debug|Any CPU
		{F6BE59B7-E5EB-48E4-AA1F-BFDE0DF2CA3F}.AppStore|x86.ActiveCfg = Debug|Any CPU
		{F6BE59B7-E5EB-48E4-AA1F-BFDE0DF2CA3F}.AppStore|x86.Build.0 = Debug|Any CPU
		{F6BE59B7-E5EB-48E4-AA1F-BFDE0DF2CA3F}.AppStore|x86.Deploy.0 = Debug|Any CPU
		{F6BE59B7-E5EB-48E4-AA1F-BFDE0DF2CA3F}.Debug|Any CPU.ActiveCfg = Debug|Any CPU
		{F6BE59B7-E5EB-48E4-AA1F-BFDE0DF2CA3F}.Debug|Any CPU.Build.0 = Debug|Any CPU
		{F6BE59B7-E5EB-48E4-AA1F-BFDE0DF2CA3F}.Debug|Any CPU.Deploy.0 = Debug|Any CPU
		{F6BE59B7-E5EB-48E4-AA1F-BFDE0DF2CA3F}.Debug|ARM.ActiveCfg = Debug|Any CPU
		{F6BE59B7-E5EB-48E4-AA1F-BFDE0DF2CA3F}.Debug|ARM.Build.0 = Debug|Any CPU
		{F6BE59B7-E5EB-48E4-AA1F-BFDE0DF2CA3F}.Debug|ARM.Deploy.0 = Debug|Any CPU
		{F6BE59B7-E5EB-48E4-AA1F-BFDE0DF2CA3F}.Debug|iPhone.ActiveCfg = Debug|Any CPU
		{F6BE59B7-E5EB-48E4-AA1F-BFDE0DF2CA3F}.Debug|iPhone.Build.0 = Debug|Any CPU
		{F6BE59B7-E5EB-48E4-AA1F-BFDE0DF2CA3F}.Debug|iPhone.Deploy.0 = Debug|Any CPU
		{F6BE59B7-E5EB-48E4-AA1F-BFDE0DF2CA3F}.Debug|iPhoneSimulator.ActiveCfg = Debug|Any CPU
		{F6BE59B7-E5EB-48E4-AA1F-BFDE0DF2CA3F}.Debug|iPhoneSimulator.Build.0 = Debug|Any CPU
		{F6BE59B7-E5EB-48E4-AA1F-BFDE0DF2CA3F}.Debug|iPhoneSimulator.Deploy.0 = Debug|Any CPU
		{F6BE59B7-E5EB-48E4-AA1F-BFDE0DF2CA3F}.Debug|x64.ActiveCfg = Debug|Any CPU
		{F6BE59B7-E5EB-48E4-AA1F-BFDE0DF2CA3F}.Debug|x64.Build.0 = Debug|Any CPU
		{F6BE59B7-E5EB-48E4-AA1F-BFDE0DF2CA3F}.Debug|x64.Deploy.0 = Debug|Any CPU
		{F6BE59B7-E5EB-48E4-AA1F-BFDE0DF2CA3F}.Debug|x86.ActiveCfg = Debug|Any CPU
		{F6BE59B7-E5EB-48E4-AA1F-BFDE0DF2CA3F}.Debug|x86.Build.0 = Debug|Any CPU
		{F6BE59B7-E5EB-48E4-AA1F-BFDE0DF2CA3F}.Debug|x86.Deploy.0 = Debug|Any CPU
		{F6BE59B7-E5EB-48E4-AA1F-BFDE0DF2CA3F}.Release|Any CPU.ActiveCfg = Release|Any CPU
		{F6BE59B7-E5EB-48E4-AA1F-BFDE0DF2CA3F}.Release|Any CPU.Build.0 = Release|Any CPU
		{F6BE59B7-E5EB-48E4-AA1F-BFDE0DF2CA3F}.Release|Any CPU.Deploy.0 = Release|Any CPU
		{F6BE59B7-E5EB-48E4-AA1F-BFDE0DF2CA3F}.Release|ARM.ActiveCfg = Release|Any CPU
		{F6BE59B7-E5EB-48E4-AA1F-BFDE0DF2CA3F}.Release|ARM.Build.0 = Release|Any CPU
		{F6BE59B7-E5EB-48E4-AA1F-BFDE0DF2CA3F}.Release|ARM.Deploy.0 = Release|Any CPU
		{F6BE59B7-E5EB-48E4-AA1F-BFDE0DF2CA3F}.Release|iPhone.ActiveCfg = Release|Any CPU
		{F6BE59B7-E5EB-48E4-AA1F-BFDE0DF2CA3F}.Release|iPhone.Build.0 = Release|Any CPU
		{F6BE59B7-E5EB-48E4-AA1F-BFDE0DF2CA3F}.Release|iPhone.Deploy.0 = Release|Any CPU
		{F6BE59B7-E5EB-48E4-AA1F-BFDE0DF2CA3F}.Release|iPhoneSimulator.ActiveCfg = Release|Any CPU
		{F6BE59B7-E5EB-48E4-AA1F-BFDE0DF2CA3F}.Release|iPhoneSimulator.Build.0 = Release|Any CPU
		{F6BE59B7-E5EB-48E4-AA1F-BFDE0DF2CA3F}.Release|iPhoneSimulator.Deploy.0 = Release|Any CPU
		{F6BE59B7-E5EB-48E4-AA1F-BFDE0DF2CA3F}.Release|x64.ActiveCfg = Release|Any CPU
		{F6BE59B7-E5EB-48E4-AA1F-BFDE0DF2CA3F}.Release|x64.Build.0 = Release|Any CPU
		{F6BE59B7-E5EB-48E4-AA1F-BFDE0DF2CA3F}.Release|x64.Deploy.0 = Release|Any CPU
		{F6BE59B7-E5EB-48E4-AA1F-BFDE0DF2CA3F}.Release|x86.ActiveCfg = Release|Any CPU
		{F6BE59B7-E5EB-48E4-AA1F-BFDE0DF2CA3F}.Release|x86.Build.0 = Release|Any CPU
		{F6BE59B7-E5EB-48E4-AA1F-BFDE0DF2CA3F}.Release|x86.Deploy.0 = Release|Any CPU
	EndGlobalSection
	GlobalSection(SolutionProperties) = preSolution
		HideSolutionNode = FALSE
	EndGlobalSection
	GlobalSection(ExtensibilityGlobals) = postSolution
		SolutionGuid = {A103C25E-F9E0-4007-B657-B9381C8959B9}
	EndGlobalSection
EndGlobal
